
Microsoft Visual Studio Solution File, Format Version 12.00
# Visual Studio Version 17
VisualStudioVersion = 17.1.32414.318
MinimumVisualStudioVersion = 10.0.40219.1
Project("{8BC9CEB8-8B4A-11D0-8D11-00A0C91BC942}") = "hello,world", "hello,world\hello,world.vcxproj", "{4336B0AD-21E3-4486-957A-1FA7A7F3268B}"
EndProject
Global
	GlobalSection(SolutionConfigurationPlatforms) = preSolution
		Debug|x64 = Debug|x64
		Debug|x86 = Debug|x86
		Release|x64 = Release|x64
		Release|x86 = Release|x86
	EndGlobalSection
	GlobalSection(ProjectConfigurationPlatforms) = postSolution
		{4336B0AD-21E3-4486-957A-1FA7A7F3268B}.Debug|x64.ActiveCfg = Debug|x64
		{4336B0AD-21E3-4486-957A-1FA7A7F3268B}.Debug|x64.Build.0 = Debug|x64
		{4336B0AD-21E3-4486-957A-1FA7A7F3268B}.Debug|x86.ActiveCfg = Debug|Win32
		{4336B0AD-21E3-4486-957A-1FA7A7F3268B}.Debug|x86.Build.0 = Debug|Win32
		{4336B0AD-21E3-4486-957A-1FA7A7F3268B}.Release|x64.ActiveCfg = Release|x64
		{4336B0AD-21E3-4486-957A-1FA7A7F3268B}.Release|x64.Build.0 = Release|x64
		{4336B0AD-21E3-4486-957A-1FA7A7F3268B}.Release|x86.ActiveCfg = Release|Win32
		{4336B0AD-21E3-4486-957A-1FA7A7F3268B}.Release|x86.Build.0 = Release|Win32
	EndGlobalSection
	GlobalSection(SolutionProperties) = preSolution
		HideSolutionNode = FALSE
	EndGlobalSection
	GlobalSection(ExtensibilityGlobals) = postSolution
		SolutionGuid = {4F8DF1A5-652B-4BFF-9974-DD86D90520FD}
	EndGlobalSection
EndGlobal
